
Microsoft Visual Studio Solution File, Format Version 12.00
# Visual Studio Version 17
VisualStudioVersion = 17.13.35825.156 d17.13
MinimumVisualStudioVersion = 10.0.40219.1
Project("{FAE04EC0-301F-11D3-BF4B-00C04F79EFBC}") = "graph-tutorial", "graph-tutorial\graph-tutorial.csproj", "{98668FBE-A8AE-4A1C-81F3-90AA7882D328}"
EndProject
Global
	GlobalSection(SolutionConfigurationPlatforms) = preSolution
		Debug|Any CPU = Debug|Any CPU
		Release|Any CPU = Release|Any CPU
	EndGlobalSection
	GlobalSection(ProjectConfigurationPlatforms) = postSolution
		{98668FBE-A8AE-4A1C-81F3-90AA7882D328}.Debug|Any CPU.ActiveCfg = Debug|Any CPU
		{98668FBE-A8AE-4A1C-81F3-90AA7882D328}.Debug|Any CPU.Build.0 = Debug|Any CPU
		{98668FBE-A8AE-4A1C-81F3-90AA7882D328}.Release|Any CPU.ActiveCfg = Release|Any CPU
		{98668FBE-A8AE-4A1C-81F3-90AA7882D328}.Release|Any CPU.Build.0 = Release|Any CPU
	EndGlobalSection
	GlobalSection(SolutionProperties) = preSolution
		HideSolutionNode = FALSE
	EndGlobalSection
	GlobalSection(ExtensibilityGlobals) = postSolution
		SolutionGuid = {B5E1CD37-FD54-40F4-BCB6-41DAB99A6F89}
	EndGlobalSection
EndGlobal
